
Microsoft Visual Studio Solution File, Format Version 12.00
# Visual Studio 15
VisualStudioVersion = 15.0.26730.16
MinimumVisualStudioVersion = 10.0.40219.1
Project("{FAE04EC0-301F-11D3-BF4B-00C04F79EFBC}") = "ReadMe.Web", "ReadMe.Web\ReadMe.Web.csproj", "{B4CE9A61-6056-4148-B14B-9E58D6AC86A1}"
EndProject
Project("{FAE04EC0-301F-11D3-BF4B-00C04F79EFBC}") = "ReadMe.Web.Tests", "ReadMe.Web.Tests\ReadMe.Web.Tests.csproj", "{ED1B5BD2-BCD9-4152-A158-4A62A6E64A08}"
EndProject
Project("{FAE04EC0-301F-11D3-BF4B-00C04F79EFBC}") = "ReadMe.Authentication", "ReadMe.Authentication\ReadMe.Authentication.csproj", "{BF50A994-51AA-4461-B1DF-51FEA26E2E60}"
EndProject
Project("{FAE04EC0-301F-11D3-BF4B-00C04F79EFBC}") = "ReadMe.Data", "ReadMe.Data\ReadMe.Data.csproj", "{89813819-B6EA-4318-940E-E18EDA1E158B}"
EndProject
Project("{FAE04EC0-301F-11D3-BF4B-00C04F79EFBC}") = "ReadMe.Models", "ReadMe.Models\ReadMe.Models.csproj", "{F1375996-F7A4-4877-950D-B847D179DD20}"
EndProject
Global
	GlobalSection(SolutionConfigurationPlatforms) = preSolution
		Debug|Any CPU = Debug|Any CPU
		Release|Any CPU = Release|Any CPU
	EndGlobalSection
	GlobalSection(ProjectConfigurationPlatforms) = postSolution
		{B4CE9A61-6056-4148-B14B-9E58D6AC86A1}.Debug|Any CPU.ActiveCfg = Debug|Any CPU
		{B4CE9A61-6056-4148-B14B-9E58D6AC86A1}.Debug|Any CPU.Build.0 = Debug|Any CPU
		{B4CE9A61-6056-4148-B14B-9E58D6AC86A1}.Release|Any CPU.ActiveCfg = Release|Any CPU
		{B4CE9A61-6056-4148-B14B-9E58D6AC86A1}.Release|Any CPU.Build.0 = Release|Any CPU
		{ED1B5BD2-BCD9-4152-A158-4A62A6E64A08}.Debug|Any CPU.ActiveCfg = Debug|Any CPU
		{ED1B5BD2-BCD9-4152-A158-4A62A6E64A08}.Debug|Any CPU.Build.0 = Debug|Any CPU
		{ED1B5BD2-BCD9-4152-A158-4A62A6E64A08}.Release|Any CPU.ActiveCfg = Release|Any CPU
		{ED1B5BD2-BCD9-4152-A158-4A62A6E64A08}.Release|Any CPU.Build.0 = Release|Any CPU
		{BF50A994-51AA-4461-B1DF-51FEA26E2E60}.Debug|Any CPU.ActiveCfg = Debug|Any CPU
		{BF50A994-51AA-4461-B1DF-51FEA26E2E60}.Debug|Any CPU.Build.0 = Debug|Any CPU
		{BF50A994-51AA-4461-B1DF-51FEA26E2E60}.Release|Any CPU.ActiveCfg = Release|Any CPU
		{BF50A994-51AA-4461-B1DF-51FEA26E2E60}.Release|Any CPU.Build.0 = Release|Any CPU
		{89813819-B6EA-4318-940E-E18EDA1E158B}.Debug|Any CPU.ActiveCfg = Debug|Any CPU
		{89813819-B6EA-4318-940E-E18EDA1E158B}.Debug|Any CPU.Build.0 = Debug|Any CPU
		{89813819-B6EA-4318-940E-E18EDA1E158B}.Release|Any CPU.ActiveCfg = Release|Any CPU
		{89813819-B6EA-4318-940E-E18EDA1E158B}.Release|Any CPU.Build.0 = Release|Any CPU
		{F1375996-F7A4-4877-950D-B847D179DD20}.Debug|Any CPU.ActiveCfg = Debug|Any CPU
		{F1375996-F7A4-4877-950D-B847D179DD20}.Debug|Any CPU.Build.0 = Debug|Any CPU
		{F1375996-F7A4-4877-950D-B847D179DD20}.Release|Any CPU.ActiveCfg = Release|Any CPU
		{F1375996-F7A4-4877-950D-B847D179DD20}.Release|Any CPU.Build.0 = Release|Any CPU
	EndGlobalSection
	GlobalSection(SolutionProperties) = preSolution
		HideSolutionNode = FALSE
	EndGlobalSection
	GlobalSection(ExtensibilityGlobals) = postSolution
		SolutionGuid = {E212CA06-B816-4959-B978-8A9A3D40CC9A}
	EndGlobalSection
EndGlobal
