
Microsoft Visual Studio Solution File, Format Version 12.00
# Visual Studio 15
VisualStudioVersion = 15.0.26730.16
MinimumVisualStudioVersion = 10.0.40219.1
Project("{FAE04EC0-301F-11D3-BF4B-00C04F79EFBC}") = "ReadMe.Web", "ReadMe.Web\ReadMe.Web.csproj", "{B4CE9A61-6056-4148-B14B-9E58D6AC86A1}"
EndProject
Project("{FAE04EC0-301F-11D3-BF4B-00C04F79EFBC}") = "ReadMe.Web.Tests", "ReadMe.Web.Tests\ReadMe.Web.Tests.csproj", "{ED1B5BD2-BCD9-4152-A158-4A62A6E64A08}"
EndProject
Project("{FAE04EC0-301F-11D3-BF4B-00C04F79EFBC}") = "ReadMe.Authentication", "ReadMe.Authentication\ReadMe.Authentication.csproj", "{BF50A994-51AA-4461-B1DF-51FEA26E2E60}"
EndProject
Project("{FAE04EC0-301F-11D3-BF4B-00C04F79EFBC}") = "ReadMe.Data", "ReadMe.Data\ReadMe.Data.csproj", "{89813819-B6EA-4318-940E-E18EDA1E158B}"
EndProject
Project("{FAE04EC0-301F-11D3-BF4B-00C04F79EFBC}") = "ReadMe.Models", "ReadMe.Models\ReadMe.Models.csproj", "{F1375996-F7A4-4877-950D-B847D179DD20}"
EndProject
Project("{FAE04EC0-301F-11D3-BF4B-00C04F79EFBC}") = "ReadMe.Providers", "ReadMe.Providers\ReadMe.Providers.csproj", "{8569E373-BA03-4665-B7AE-8E1B1E868443}"
EndProject
Project("{FAE04EC0-301F-11D3-BF4B-00C04F79EFBC}") = "ReadMe.Factories", "ReadMe.Factories\ReadMe.Factories.csproj", "{6796B695-9630-420C-8953-D314034C2050}"
EndProject
Project("{FAE04EC0-301F-11D3-BF4B-00C04F79EFBC}") = "ReadMe.Services", "ReadMe.Services\ReadMe.Services.csproj", "{26660FD5-B03E-4196-9879-90D3D0FFDC6D}"
EndProject
Project("{FAE04EC0-301F-11D3-BF4B-00C04F79EFBC}") = "ReadMe.Services.Tests", "ReadMe.Services.Tests\ReadMe.Services.Tests.csproj", "{BEEE7BFF-39F2-4079-920D-F8279BA2C4EE}"
EndProject
Project("{FAE04EC0-301F-11D3-BF4B-00C04F79EFBC}") = "ReadMe.Data.Tests", "ReadMe.Data.Tests\ReadMe.Data.Tests.csproj", "{75E45E98-94FF-4076-9A7D-6DE815301EBB}"
EndProject
Global
	GlobalSection(SolutionConfigurationPlatforms) = preSolution
		Debug|Any CPU = Debug|Any CPU
		Release|Any CPU = Release|Any CPU
	EndGlobalSection
	GlobalSection(ProjectConfigurationPlatforms) = postSolution
		{B4CE9A61-6056-4148-B14B-9E58D6AC86A1}.Debug|Any CPU.ActiveCfg = Debug|Any CPU
		{B4CE9A61-6056-4148-B14B-9E58D6AC86A1}.Debug|Any CPU.Build.0 = Debug|Any CPU
		{B4CE9A61-6056-4148-B14B-9E58D6AC86A1}.Release|Any CPU.ActiveCfg = Release|Any CPU
		{B4CE9A61-6056-4148-B14B-9E58D6AC86A1}.Release|Any CPU.Build.0 = Release|Any CPU
		{ED1B5BD2-BCD9-4152-A158-4A62A6E64A08}.Debug|Any CPU.ActiveCfg = Debug|Any CPU
		{ED1B5BD2-BCD9-4152-A158-4A62A6E64A08}.Debug|Any CPU.Build.0 = Debug|Any CPU
		{ED1B5BD2-BCD9-4152-A158-4A62A6E64A08}.Release|Any CPU.ActiveCfg = Release|Any CPU
		{ED1B5BD2-BCD9-4152-A158-4A62A6E64A08}.Release|Any CPU.Build.0 = Release|Any CPU
		{BF50A994-51AA-4461-B1DF-51FEA26E2E60}.Debug|Any CPU.ActiveCfg = Debug|Any CPU
		{BF50A994-51AA-4461-B1DF-51FEA26E2E60}.Debug|Any CPU.Build.0 = Debug|Any CPU
		{BF50A994-51AA-4461-B1DF-51FEA26E2E60}.Release|Any CPU.ActiveCfg = Release|Any CPU
		{BF50A994-51AA-4461-B1DF-51FEA26E2E60}.Release|Any CPU.Build.0 = Release|Any CPU
		{89813819-B6EA-4318-940E-E18EDA1E158B}.Debug|Any CPU.ActiveCfg = Debug|Any CPU
		{89813819-B6EA-4318-940E-E18EDA1E158B}.Debug|Any CPU.Build.0 = Debug|Any CPU
		{89813819-B6EA-4318-940E-E18EDA1E158B}.Release|Any CPU.ActiveCfg = Release|Any CPU
		{89813819-B6EA-4318-940E-E18EDA1E158B}.Release|Any CPU.Build.0 = Release|Any CPU
		{F1375996-F7A4-4877-950D-B847D179DD20}.Debug|Any CPU.ActiveCfg = Debug|Any CPU
		{F1375996-F7A4-4877-950D-B847D179DD20}.Debug|Any CPU.Build.0 = Debug|Any CPU
		{F1375996-F7A4-4877-950D-B847D179DD20}.Release|Any CPU.ActiveCfg = Release|Any CPU
		{F1375996-F7A4-4877-950D-B847D179DD20}.Release|Any CPU.Build.0 = Release|Any CPU
		{8569E373-BA03-4665-B7AE-8E1B1E868443}.Debug|Any CPU.ActiveCfg = Debug|Any CPU
		{8569E373-BA03-4665-B7AE-8E1B1E868443}.Debug|Any CPU.Build.0 = Debug|Any CPU
		{8569E373-BA03-4665-B7AE-8E1B1E868443}.Release|Any CPU.ActiveCfg = Release|Any CPU
		{8569E373-BA03-4665-B7AE-8E1B1E868443}.Release|Any CPU.Build.0 = Release|Any CPU
		{6796B695-9630-420C-8953-D314034C2050}.Debug|Any CPU.ActiveCfg = Debug|Any CPU
		{6796B695-9630-420C-8953-D314034C2050}.Debug|Any CPU.Build.0 = Debug|Any CPU
		{6796B695-9630-420C-8953-D314034C2050}.Release|Any CPU.ActiveCfg = Release|Any CPU
		{6796B695-9630-420C-8953-D314034C2050}.Release|Any CPU.Build.0 = Release|Any CPU
		{26660FD5-B03E-4196-9879-90D3D0FFDC6D}.Debug|Any CPU.ActiveCfg = Debug|Any CPU
		{26660FD5-B03E-4196-9879-90D3D0FFDC6D}.Debug|Any CPU.Build.0 = Debug|Any CPU
		{26660FD5-B03E-4196-9879-90D3D0FFDC6D}.Release|Any CPU.ActiveCfg = Release|Any CPU
		{26660FD5-B03E-4196-9879-90D3D0FFDC6D}.Release|Any CPU.Build.0 = Release|Any CPU
		{BEEE7BFF-39F2-4079-920D-F8279BA2C4EE}.Debug|Any CPU.ActiveCfg = Debug|Any CPU
		{BEEE7BFF-39F2-4079-920D-F8279BA2C4EE}.Debug|Any CPU.Build.0 = Debug|Any CPU
		{BEEE7BFF-39F2-4079-920D-F8279BA2C4EE}.Release|Any CPU.ActiveCfg = Release|Any CPU
		{BEEE7BFF-39F2-4079-920D-F8279BA2C4EE}.Release|Any CPU.Build.0 = Release|Any CPU
		{75E45E98-94FF-4076-9A7D-6DE815301EBB}.Debug|Any CPU.ActiveCfg = Debug|Any CPU
		{75E45E98-94FF-4076-9A7D-6DE815301EBB}.Debug|Any CPU.Build.0 = Debug|Any CPU
		{75E45E98-94FF-4076-9A7D-6DE815301EBB}.Release|Any CPU.ActiveCfg = Release|Any CPU
		{75E45E98-94FF-4076-9A7D-6DE815301EBB}.Release|Any CPU.Build.0 = Release|Any CPU
	EndGlobalSection
	GlobalSection(SolutionProperties) = preSolution
		HideSolutionNode = FALSE
	EndGlobalSection
	GlobalSection(ExtensibilityGlobals) = postSolution
		SolutionGuid = {E212CA06-B816-4959-B978-8A9A3D40CC9A}
	EndGlobalSection
EndGlobal
